// !$*UTF8*$!
{
	archiveVersion = 1;
	classes = {
	};
	objectVersion = 46;
	objects = {

/* Begin PBXBuildFile section */
		8850C21E1C17CD7A00289797 /* fire.ped in Resources */ = {isa = PBXBuildFile; fileRef = 8850C21D1C17CD7A00289797 /* fire.ped */; };
		E91D25B41C0DD66A004B0A4C /* AppKit.framework in Frameworks */ = {isa = PBXBuildFile; fileRef = E91D25B31C0DD66A004B0A4C /* AppKit.framework */; };
		E91D25B61C0DD66A004B0A4C /* Foundation.framework in Frameworks */ = {isa = PBXBuildFile; fileRef = E91D25B51C0DD66A004B0A4C /* Foundation.framework */; };
		E91D25BA1C0DD66A004B0A4C /* XActivatePowerMode.xcscheme in Resources */ = {isa = PBXBuildFile; fileRef = E91D25B91C0DD66A004B0A4C /* XActivatePowerMode.xcscheme */; };
		E91D25BD1C0DD66A004B0A4C /* XActivatePowerMode.m in Sources */ = {isa = PBXBuildFile; fileRef = E91D25BC1C0DD66A004B0A4C /* XActivatePowerMode.m */; };
		E9713EBD1C112FE10086BD89 /* Emitter.m in Sources */ = {isa = PBXBuildFile; fileRef = E9713EB11C112FE10086BD89 /* Emitter.m */; };
		E9713EBE1C112FE10086BD89 /* NSData+Base64.m in Sources */ = {isa = PBXBuildFile; fileRef = E9713EB51C112FE10086BD89 /* NSData+Base64.m */; };
		E9713EBF1C112FE10086BD89 /* UIEffectDesignerView.m in Sources */ = {isa = PBXBuildFile; fileRef = E9713EB71C112FE10086BD89 /* UIEffectDesignerView.m */; };
		E9713EC01C112FE10086BD89 /* Rocker.m in Sources */ = {isa = PBXBuildFile; fileRef = E9713EBA1C112FE10086BD89 /* Rocker.m */; };
		E9A716F81C11316B00506435 /* keyboard1.wav in Resources */ = {isa = PBXBuildFile; fileRef = E9A716F21C11316B00506435 /* keyboard1.wav */; };
		E9A716F91C11316B00506435 /* keyboard2.wav in Resources */ = {isa = PBXBuildFile; fileRef = E9A716F31C11316B00506435 /* keyboard2.wav */; };
		E9A716FA1C11316B00506435 /* keyboard3.wav in Resources */ = {isa = PBXBuildFile; fileRef = E9A716F41C11316B00506435 /* keyboard3.wav */; };
		E9A716FB1C11316B00506435 /* keyboard4.wav in Resources */ = {isa = PBXBuildFile; fileRef = E9A716F51C11316B00506435 /* keyboard4.wav */; };
		E9A716FC1C11316B00506435 /* keyboard5.wav in Resources */ = {isa = PBXBuildFile; fileRef = E9A716F61C11316B00506435 /* keyboard5.wav */; };
		E9A716FD1C11316B00506435 /* license.txt in Resources */ = {isa = PBXBuildFile; fileRef = E9A716F71C11316B00506435 /* license.txt */; };
		E9B2621A1C109C27006AB76D /* XPowerModeCommander.m in Sources */ = {isa = PBXBuildFile; fileRef = E9B262151C109C27006AB76D /* XPowerModeCommander.m */; };
		E9B2621B1C109C27006AB76D /* XPowerModeCommand.m in Sources */ = {isa = PBXBuildFile; fileRef = E9B262171C109C27006AB76D /* XPowerModeCommand.m */; };
		E9B2621F1C111587006AB76D /* XPowerModePreferences.m in Sources */ = {isa = PBXBuildFile; fileRef = E9B2621E1C111587006AB76D /* XPowerModePreferences.m */; };
		E9B262221C111872006AB76D /* XPowerModeHero.m in Sources */ = {isa = PBXBuildFile; fileRef = E9B262211C111872006AB76D /* XPowerModeHero.m */; };
		E9BA826E1C11304E006E697D /* Player.m in Sources */ = {isa = PBXBuildFile; fileRef = E9BA826D1C11304E006E697D /* Player.m */; };
		E9BA82731C1130AA006E697D /* blood.ped in Resources */ = {isa = PBXBuildFile; fileRef = E9BA82711C1130AA006E697D /* blood.ped */; };
		E9BA82741C1130AA006E697D /* default.ped in Resources */ = {isa = PBXBuildFile; fileRef = E9BA82721C1130AA006E697D /* default.ped */; };
/* End PBXBuildFile section */

/* Begin PBXFileReference section */
		8850C21D1C17CD7A00289797 /* fire.ped */ = {isa = PBXFileReference; fileEncoding = 4; lastKnownFileType = text; path = fire.ped; sourceTree = "<group>"; };
		E91D25B01C0DD66A004B0A4C /* XActivatePowerMode.xcplugin */ = {isa = PBXFileReference; explicitFileType = wrapper.cfbundle; includeInIndex = 0; path = XActivatePowerMode.xcplugin; sourceTree = BUILT_PRODUCTS_DIR; };
		E91D25B31C0DD66A004B0A4C /* AppKit.framework */ = {isa = PBXFileReference; lastKnownFileType = wrapper.framework; name = AppKit.framework; path = /System/Library/Frameworks/AppKit.framework; sourceTree = "<absolute>"; };
		E91D25B51C0DD66A004B0A4C /* Foundation.framework */ = {isa = PBXFileReference; lastKnownFileType = wrapper.framework; name = Foundation.framework; path = /System/Library/Frameworks/Foundation.framework; sourceTree = "<absolute>"; };
		E91D25B91C0DD66A004B0A4C /* XActivatePowerMode.xcscheme */ = {isa = PBXFileReference; lastKnownFileType = text.xml; name = XActivatePowerMode.xcscheme; path = XActivatePowerMode.xcodeproj/xcshareddata/xcschemes/XActivatePowerMode.xcscheme; sourceTree = SOURCE_ROOT; };
		E91D25BB1C0DD66A004B0A4C /* XActivatePowerMode.h */ = {isa = PBXFileReference; lastKnownFileType = sourcecode.c.h; path = XActivatePowerMode.h; sourceTree = "<group>"; };
		E91D25BC1C0DD66A004B0A4C /* XActivatePowerMode.m */ = {isa = PBXFileReference; lastKnownFileType = sourcecode.c.objc; path = XActivatePowerMode.m; sourceTree = "<group>"; };
		E91D25C11C0DD66A004B0A4C /* Info.plist */ = {isa = PBXFileReference; lastKnownFileType = text.plist.xml; path = Info.plist; sourceTree = "<group>"; };
		E9713EB01C112FE10086BD89 /* Emitter.h */ = {isa = PBXFileReference; fileEncoding = 4; lastKnownFileType = sourcecode.c.h; path = Emitter.h; sourceTree = "<group>"; };
		E9713EB11C112FE10086BD89 /* Emitter.m */ = {isa = PBXFileReference; fileEncoding = 4; lastKnownFileType = sourcecode.c.objc; path = Emitter.m; sourceTree = "<group>"; };
		E9713EB41C112FE10086BD89 /* NSData+Base64.h */ = {isa = PBXFileReference; fileEncoding = 4; lastKnownFileType = sourcecode.c.h; path = "NSData+Base64.h"; sourceTree = "<group>"; };
		E9713EB51C112FE10086BD89 /* NSData+Base64.m */ = {isa = PBXFileReference; fileEncoding = 4; lastKnownFileType = sourcecode.c.objc; path = "NSData+Base64.m"; sourceTree = "<group>"; };
		E9713EB61C112FE10086BD89 /* UIEffectDesignerView.h */ = {isa = PBXFileReference; fileEncoding = 4; lastKnownFileType = sourcecode.c.h; path = UIEffectDesignerView.h; sourceTree = "<group>"; };
		E9713EB71C112FE10086BD89 /* UIEffectDesignerView.m */ = {isa = PBXFileReference; fileEncoding = 4; lastKnownFileType = sourcecode.c.objc; path = UIEffectDesignerView.m; sourceTree = "<group>"; };
		E9713EB91C112FE10086BD89 /* Rocker.h */ = {isa = PBXFileReference; fileEncoding = 4; lastKnownFileType = sourcecode.c.h; path = Rocker.h; sourceTree = "<group>"; };
		E9713EBA1C112FE10086BD89 /* Rocker.m */ = {isa = PBXFileReference; fileEncoding = 4; lastKnownFileType = sourcecode.c.objc; path = Rocker.m; sourceTree = "<group>"; };
		E9A716F21C11316B00506435 /* keyboard1.wav */ = {isa = PBXFileReference; lastKnownFileType = audio.wav; path = keyboard1.wav; sourceTree = "<group>"; };
		E9A716F31C11316B00506435 /* keyboard2.wav */ = {isa = PBXFileReference; lastKnownFileType = audio.wav; path = keyboard2.wav; sourceTree = "<group>"; };
		E9A716F41C11316B00506435 /* keyboard3.wav */ = {isa = PBXFileReference; lastKnownFileType = audio.wav; path = keyboard3.wav; sourceTree = "<group>"; };
		E9A716F51C11316B00506435 /* keyboard4.wav */ = {isa = PBXFileReference; lastKnownFileType = audio.wav; path = keyboard4.wav; sourceTree = "<group>"; };
		E9A716F61C11316B00506435 /* keyboard5.wav */ = {isa = PBXFileReference; lastKnownFileType = audio.wav; path = keyboard5.wav; sourceTree = "<group>"; };
		E9A716F71C11316B00506435 /* license.txt */ = {isa = PBXFileReference; fileEncoding = 4; lastKnownFileType = text; path = license.txt; sourceTree = "<group>"; };
		E9B262141C109C27006AB76D /* XPowerModeCommander.h */ = {isa = PBXFileReference; fileEncoding = 4; lastKnownFileType = sourcecode.c.h; path = XPowerModeCommander.h; sourceTree = "<group>"; };
		E9B262151C109C27006AB76D /* XPowerModeCommander.m */ = {isa = PBXFileReference; fileEncoding = 4; lastKnownFileType = sourcecode.c.objc; path = XPowerModeCommander.m; sourceTree = "<group>"; };
		E9B262161C109C27006AB76D /* XPowerModeCommand.h */ = {isa = PBXFileReference; fileEncoding = 4; lastKnownFileType = sourcecode.c.h; path = XPowerModeCommand.h; sourceTree = "<group>"; };
		E9B262171C109C27006AB76D /* XPowerModeCommand.m */ = {isa = PBXFileReference; fileEncoding = 4; lastKnownFileType = sourcecode.c.objc; path = XPowerModeCommand.m; sourceTree = "<group>"; };
		E9B2621D1C111587006AB76D /* XPowerModePreferences.h */ = {isa = PBXFileReference; fileEncoding = 4; lastKnownFileType = sourcecode.c.h; path = XPowerModePreferences.h; sourceTree = "<group>"; };
		E9B2621E1C111587006AB76D /* XPowerModePreferences.m */ = {isa = PBXFileReference; fileEncoding = 4; lastKnownFileType = sourcecode.c.objc; path = XPowerModePreferences.m; sourceTree = "<group>"; };
		E9B262201C111872006AB76D /* XPowerModeHero.h */ = {isa = PBXFileReference; fileEncoding = 4; lastKnownFileType = sourcecode.c.h; path = XPowerModeHero.h; sourceTree = "<group>"; };
		E9B262211C111872006AB76D /* XPowerModeHero.m */ = {isa = PBXFileReference; fileEncoding = 4; lastKnownFileType = sourcecode.c.objc; path = XPowerModeHero.m; sourceTree = "<group>"; };
		E9BA826C1C11304E006E697D /* Player.h */ = {isa = PBXFileReference; fileEncoding = 4; lastKnownFileType = sourcecode.c.h; path = Player.h; sourceTree = "<group>"; };
		E9BA826D1C11304E006E697D /* Player.m */ = {isa = PBXFileReference; fileEncoding = 4; lastKnownFileType = sourcecode.c.objc; path = Player.m; sourceTree = "<group>"; };
		E9BA82711C1130AA006E697D /* blood.ped */ = {isa = PBXFileReference; fileEncoding = 4; lastKnownFileType = text; path = blood.ped; sourceTree = "<group>"; };
		E9BA82721C1130AA006E697D /* default.ped */ = {isa = PBXFileReference; fileEncoding = 4; lastKnownFileType = text; path = default.ped; sourceTree = "<group>"; };
/* End PBXFileReference section */

/* Begin PBXFrameworksBuildPhase section */
		E91D25AE1C0DD66A004B0A4C /* Frameworks */ = {
			isa = PBXFrameworksBuildPhase;
			buildActionMask = 2147483647;
			files = (
				E91D25B41C0DD66A004B0A4C /* AppKit.framework in Frameworks */,
				E91D25B61C0DD66A004B0A4C /* Foundation.framework in Frameworks */,
			);
			runOnlyForDeploymentPostprocessing = 0;
		};
/* End PBXFrameworksBuildPhase section */

/* Begin PBXGroup section */
		E91D25A71C0DD66A004B0A4C = {
			isa = PBXGroup;
			children = (
				E91D25B71C0DD66A004B0A4C /* XActivatePowerMode */,
				E91D25B21C0DD66A004B0A4C /* Frameworks */,
				E91D25B11C0DD66A004B0A4C /* Products */,
			);
			sourceTree = "<group>";
		};
		E91D25B11C0DD66A004B0A4C /* Products */ = {
			isa = PBXGroup;
			children = (
				E91D25B01C0DD66A004B0A4C /* XActivatePowerMode.xcplugin */,
			);
			name = Products;
			sourceTree = "<group>";
		};
		E91D25B21C0DD66A004B0A4C /* Frameworks */ = {
			isa = PBXGroup;
			children = (
				E91D25B31C0DD66A004B0A4C /* AppKit.framework */,
				E91D25B51C0DD66A004B0A4C /* Foundation.framework */,
			);
			name = Frameworks;
			sourceTree = "<group>";
		};
		E91D25B71C0DD66A004B0A4C /* XActivatePowerMode */ = {
			isa = PBXGroup;
			children = (
				E91D25BB1C0DD66A004B0A4C /* XActivatePowerMode.h */,
				E91D25BC1C0DD66A004B0A4C /* XActivatePowerMode.m */,
				E9B262161C109C27006AB76D /* XPowerModeCommand.h */,
				E9B262171C109C27006AB76D /* XPowerModeCommand.m */,
				E9B262141C109C27006AB76D /* XPowerModeCommander.h */,
				E9B262151C109C27006AB76D /* XPowerModeCommander.m */,
				E9B2621D1C111587006AB76D /* XPowerModePreferences.h */,
				E9B2621E1C111587006AB76D /* XPowerModePreferences.m */,
				E9B262201C111872006AB76D /* XPowerModeHero.h */,
				E9B262211C111872006AB76D /* XPowerModeHero.m */,
				E9713EAB1C112FE10086BD89 /* XPowerModeHeros */,
				E91D25B81C0DD66A004B0A4C /* Supporting Files */,
			);
			path = XActivatePowerMode;
			sourceTree = "<group>";
		};
		E91D25B81C0DD66A004B0A4C /* Supporting Files */ = {
			isa = PBXGroup;
			children = (
				E91D25C11C0DD66A004B0A4C /* Info.plist */,
				E91D25B91C0DD66A004B0A4C /* XActivatePowerMode.xcscheme */,
			);
			name = "Supporting Files";
			sourceTree = "<group>";
		};
		E9713EAB1C112FE10086BD89 /* XPowerModeHeros */ = {
			isa = PBXGroup;
			children = (
				E9713EAC1C112FE10086BD89 /* Emitter */,
				E9713EB81C112FE10086BD89 /* Player */,
				E9713EB91C112FE10086BD89 /* Rocker.h */,
				E9713EBA1C112FE10086BD89 /* Rocker.m */,
			);
			path = XPowerModeHeros;
			sourceTree = "<group>";
		};
		E9713EAC1C112FE10086BD89 /* Emitter */ = {
			isa = PBXGroup;
			children = (
				E9BA82701C1130AA006E697D /* assets */,
				E9713EB01C112FE10086BD89 /* Emitter.h */,
				E9713EB11C112FE10086BD89 /* Emitter.m */,
				E9713EB21C112FE10086BD89 /* vendor */,
			);
			path = Emitter;
			sourceTree = "<group>";
		};
		E9713EB21C112FE10086BD89 /* vendor */ = {
			isa = PBXGroup;
			children = (
				E9713EB31C112FE10086BD89 /* UIEffectDesignerView */,
			);
			path = vendor;
			sourceTree = "<group>";
		};
		E9713EB31C112FE10086BD89 /* UIEffectDesignerView */ = {
			isa = PBXGroup;
			children = (
				E9713EB41C112FE10086BD89 /* NSData+Base64.h */,
				E9713EB51C112FE10086BD89 /* NSData+Base64.m */,
				E9713EB61C112FE10086BD89 /* UIEffectDesignerView.h */,
				E9713EB71C112FE10086BD89 /* UIEffectDesignerView.m */,
			);
			path = UIEffectDesignerView;
			sourceTree = "<group>";
		};
		E9713EB81C112FE10086BD89 /* Player */ = {
			isa = PBXGroup;
			children = (
				E9BA826F1C1130A2006E697D /* assets */,
				E9BA826C1C11304E006E697D /* Player.h */,
				E9BA826D1C11304E006E697D /* Player.m */,
			);
			path = Player;
			sourceTree = "<group>";
		};
		E9A716F11C11316B00506435 /* mechanical */ = {
			isa = PBXGroup;
			children = (
				E9A716F21C11316B00506435 /* keyboard1.wav */,
				E9A716F31C11316B00506435 /* keyboard2.wav */,
				E9A716F41C11316B00506435 /* keyboard3.wav */,
				E9A716F51C11316B00506435 /* keyboard4.wav */,
				E9A716F61C11316B00506435 /* keyboard5.wav */,
				E9A716F71C11316B00506435 /* license.txt */,
			);
			path = mechanical;
			sourceTree = "<group>";
		};
		E9BA826F1C1130A2006E697D /* assets */ = {
			isa = PBXGroup;
			children = (
				E9A716F11C11316B00506435 /* mechanical */,
			);
			path = assets;
			sourceTree = "<group>";
		};
		E9BA82701C1130AA006E697D /* assets */ = {
			isa = PBXGroup;
			children = (
				8850C21D1C17CD7A00289797 /* fire.ped */,
				E9BA82711C1130AA006E697D /* blood.ped */,
				E9BA82721C1130AA006E697D /* default.ped */,
			);
			path = assets;
			sourceTree = "<group>";
		};
/* End PBXGroup section */

/* Begin PBXNativeTarget section */
		E91D25AF1C0DD66A004B0A4C /* XActivatePowerMode */ = {
			isa = PBXNativeTarget;
			buildConfigurationList = E91D25C41C0DD66A004B0A4C /* Build configuration list for PBXNativeTarget "XActivatePowerMode" */;
			buildPhases = (
				E91D25AC1C0DD66A004B0A4C /* Sources */,
				E91D25AD1C0DD66A004B0A4C /* Resources */,
				E91D25AE1C0DD66A004B0A4C /* Frameworks */,
			);
			buildRules = (
			);
			dependencies = (
			);
			name = XActivatePowerMode;
			productName = XActivatePowerMode;
			productReference = E91D25B01C0DD66A004B0A4C /* XActivatePowerMode.xcplugin */;
			productType = "com.apple.product-type.bundle";
		};
/* End PBXNativeTarget section */

/* Begin PBXProject section */
		E91D25A81C0DD66A004B0A4C /* Project object */ = {
			isa = PBXProject;
			attributes = {
				LastUpgradeCheck = 0710;
				ORGANIZATIONNAME = QFish;
				TargetAttributes = {
					E91D25AF1C0DD66A004B0A4C = {
						CreatedOnToolsVersion = 7.1.1;
					};
				};
			};
			buildConfigurationList = E91D25AB1C0DD66A004B0A4C /* Build configuration list for PBXProject "XActivatePowerMode" */;
			compatibilityVersion = "Xcode 3.2";
			developmentRegion = English;
			hasScannedForEncodings = 0;
			knownRegions = (
				en,
			);
			mainGroup = E91D25A71C0DD66A004B0A4C;
			productRefGroup = E91D25B11C0DD66A004B0A4C /* Products */;
			projectDirPath = "";
			projectRoot = "";
			targets = (
				E91D25AF1C0DD66A004B0A4C /* XActivatePowerMode */,
			);
		};
/* End PBXProject section */

/* Begin PBXResourcesBuildPhase section */
		E91D25AD1C0DD66A004B0A4C /* Resources */ = {
			isa = PBXResourcesBuildPhase;
			buildActionMask = 2147483647;
			files = (
				E9BA82731C1130AA006E697D /* blood.ped in Resources */,
				E9A716F91C11316B00506435 /* keyboard2.wav in Resources */,
				E91D25BA1C0DD66A004B0A4C /* XActivatePowerMode.xcscheme in Resources */,
				E9A716FD1C11316B00506435 /* license.txt in Resources */,
				E9BA82741C1130AA006E697D /* default.ped in Resources */,
				E9A716F81C11316B00506435 /* keyboard1.wav in Resources */,
				E9A716FB1C11316B00506435 /* keyboard4.wav in Resources */,
				E9A716FA1C11316B00506435 /* keyboard3.wav in Resources */,
				E9A716FC1C11316B00506435 /* keyboard5.wav in Resources */,
				8850C21E1C17CD7A00289797 /* fire.ped in Resources */,
			);
			runOnlyForDeploymentPostprocessing = 0;
		};
/* End PBXResourcesBuildPhase section */

/* Begin PBXSourcesBuildPhase section */
		E91D25AC1C0DD66A004B0A4C /* Sources */ = {
			isa = PBXSourcesBuildPhase;
			buildActionMask = 2147483647;
			files = (
				E9713EBF1C112FE10086BD89 /* UIEffectDesignerView.m in Sources */,
				E9713EBD1C112FE10086BD89 /* Emitter.m in Sources */,
				E9B2621B1C109C27006AB76D /* XPowerModeCommand.m in Sources */,
				E9B2621A1C109C27006AB76D /* XPowerModeCommander.m in Sources */,
				E9BA826E1C11304E006E697D /* Player.m in Sources */,
				E9713EBE1C112FE10086BD89 /* NSData+Base64.m in Sources */,
				E9B2621F1C111587006AB76D /* XPowerModePreferences.m in Sources */,
				E9B262221C111872006AB76D /* XPowerModeHero.m in Sources */,
				E9713EC01C112FE10086BD89 /* Rocker.m in Sources */,
				E91D25BD1C0DD66A004B0A4C /* XActivatePowerMode.m in Sources */,
			);
			runOnlyForDeploymentPostprocessing = 0;
		};
/* End PBXSourcesBuildPhase section */

/* Begin XCBuildConfiguration section */
		E91D25C21C0DD66A004B0A4C /* Debug */ = {
			isa = XCBuildConfiguration;
			buildSettings = {
				ALWAYS_SEARCH_USER_PATHS = NO;
				CLANG_CXX_LANGUAGE_STANDARD = "gnu++0x";
				CLANG_CXX_LIBRARY = "libc++";
				CLANG_ENABLE_MODULES = YES;
				CLANG_ENABLE_OBJC_ARC = YES;
				CLANG_WARN_BOOL_CONVERSION = YES;
				CLANG_WARN_CONSTANT_CONVERSION = YES;
				CLANG_WARN_DIRECT_OBJC_ISA_USAGE = YES_ERROR;
				CLANG_WARN_EMPTY_BODY = YES;
				CLANG_WARN_ENUM_CONVERSION = YES;
				CLANG_WARN_INT_CONVERSION = YES;
				CLANG_WARN_OBJC_ROOT_CLASS = YES_ERROR;
				CLANG_WARN_UNREACHABLE_CODE = YES;
				CLANG_WARN__DUPLICATE_METHOD_MATCH = YES;
				COPY_PHASE_STRIP = NO;
				DEBUG_INFORMATION_FORMAT = dwarf;
				ENABLE_STRICT_OBJC_MSGSEND = YES;
				ENABLE_TESTABILITY = YES;
				GCC_C_LANGUAGE_STANDARD = gnu99;
				GCC_DYNAMIC_NO_PIC = NO;
				GCC_NO_COMMON_BLOCKS = YES;
				GCC_OPTIMIZATION_LEVEL = 0;
				GCC_PREPROCESSOR_DEFINITIONS = (
					"DEBUG=1",
					"$(inherited)",
				);
				GCC_WARN_64_TO_32_BIT_CONVERSION = YES;
				GCC_WARN_ABOUT_RETURN_TYPE = YES_ERROR;
				GCC_WARN_UNDECLARED_SELECTOR = YES;
				GCC_WARN_UNINITIALIZED_AUTOS = YES_AGGRESSIVE;
				GCC_WARN_UNUSED_FUNCTION = YES;
				GCC_WARN_UNUSED_VARIABLE = YES;
				MTL_ENABLE_DEBUG_INFO = YES;
				ONLY_ACTIVE_ARCH = YES;
			};
			name = Debug;
		};
		E91D25C31C0DD66A004B0A4C /* Release */ = {
			isa = XCBuildConfiguration;
			buildSettings = {
				ALWAYS_SEARCH_USER_PATHS = NO;
				CLANG_CXX_LANGUAGE_STANDARD = "gnu++0x";
				CLANG_CXX_LIBRARY = "libc++";
				CLANG_ENABLE_MODULES = YES;
				CLANG_ENABLE_OBJC_ARC = YES;
				CLANG_WARN_BOOL_CONVERSION = YES;
				CLANG_WARN_CONSTANT_CONVERSION = YES;
				CLANG_WARN_DIRECT_OBJC_ISA_USAGE = YES_ERROR;
				CLANG_WARN_EMPTY_BODY = YES;
				CLANG_WARN_ENUM_CONVERSION = YES;
				CLANG_WARN_INT_CONVERSION = YES;
				CLANG_WARN_OBJC_ROOT_CLASS = YES_ERROR;
				CLANG_WARN_UNREACHABLE_CODE = YES;
				CLANG_WARN__DUPLICATE_METHOD_MATCH = YES;
				COPY_PHASE_STRIP = NO;
				DEBUG_INFORMATION_FORMAT = "dwarf-with-dsym";
				ENABLE_NS_ASSERTIONS = NO;
				ENABLE_STRICT_OBJC_MSGSEND = YES;
				GCC_C_LANGUAGE_STANDARD = gnu99;
				GCC_NO_COMMON_BLOCKS = YES;
				GCC_WARN_64_TO_32_BIT_CONVERSION = YES;
				GCC_WARN_ABOUT_RETURN_TYPE = YES_ERROR;
				GCC_WARN_UNDECLARED_SELECTOR = YES;
				GCC_WARN_UNINITIALIZED_AUTOS = YES_AGGRESSIVE;
				GCC_WARN_UNUSED_FUNCTION = YES;
				GCC_WARN_UNUSED_VARIABLE = YES;
				MTL_ENABLE_DEBUG_INFO = NO;
			};
			name = Release;
		};
		E91D25C51C0DD66A004B0A4C /* Debug */ = {
			isa = XCBuildConfiguration;
			buildSettings = {
				COMBINE_HIDPI_IMAGES = YES;
				DEPLOYMENT_LOCATION = YES;
				DSTROOT = "$(HOME)";
				INFOPLIST_FILE = XActivatePowerMode/Info.plist;
				INSTALL_PATH = "/Library/Application Support/Developer/Shared/Xcode/Plug-ins";
				MACOSX_DEPLOYMENT_TARGET = 10.11;
				PRODUCT_BUNDLE_IDENTIFIER = "qfi.sh.activate-power-mode.XActivatePowerMode";
				PRODUCT_NAME = "$(TARGET_NAME)";
				WRAPPER_EXTENSION = xcplugin;
			};
			name = Debug;
		};
		E91D25C61C0DD66A004B0A4C /* Release */ = {
			isa = XCBuildConfiguration;
			buildSettings = {
				COMBINE_HIDPI_IMAGES = YES;
				DEPLOYMENT_LOCATION = YES;
				DSTROOT = "$(HOME)";
				INFOPLIST_FILE = XActivatePowerMode/Info.plist;
				INSTALL_PATH = "/Library/Application Support/Developer/Shared/Xcode/Plug-ins";
				MACOSX_DEPLOYMENT_TARGET = 10.11;
				PRODUCT_BUNDLE_IDENTIFIER = "qfi.sh.activate-power-mode.XActivatePowerMode";
				PRODUCT_NAME = "$(TARGET_NAME)";
				WRAPPER_EXTENSION = xcplugin;
			};
			name = Release;
		};
/* End XCBuildConfiguration section */

/* Begin XCConfigurationList section */
		E91D25AB1C0DD66A004B0A4C /* Build configuration list for PBXProject "XActivatePowerMode" */ = {
			isa = XCConfigurationList;
			buildConfigurations = (
				E91D25C21C0DD66A004B0A4C /* Debug */,
				E91D25C31C0DD66A004B0A4C /* Release */,
			);
			defaultConfigurationIsVisible = 0;
			defaultConfigurationName = Release;
		};
		E91D25C41C0DD66A004B0A4C /* Build configuration list for PBXNativeTarget "XActivatePowerMode" */ = {
			isa = XCConfigurationList;
			buildConfigurations = (
				E91D25C51C0DD66A004B0A4C /* Debug */,
				E91D25C61C0DD66A004B0A4C /* Release */,
			);
			defaultConfigurationIsVisible = 0;
			defaultConfigurationName = Release;
		};
/* End XCConfigurationList section */
	};
	rootObject = E91D25A81C0DD66A004B0A4C /* Project object */;
}
